// !$*UTF8*$!
{
	archiveVersion = 1;
	classes = {
	};
	objectVersion = 50;
	objects = {

/* Begin PBXBuildFile section */
		B65B955E238A032C00F53692 /* OnboardingViewController.swift in Sources */ = {isa = PBXBuildFile; fileRef = B65B955D238A032C00F53692 /* OnboardingViewController.swift */; };
		B65B9560238A080C00F53692 /* DesignableButton.swift in Sources */ = {isa = PBXBuildFile; fileRef = B65B955F238A080C00F53692 /* DesignableButton.swift */; };
		B6844AF12389F28D0059AC39 /* AppDelegate.swift in Sources */ = {isa = PBXBuildFile; fileRef = B6844AF02389F28D0059AC39 /* AppDelegate.swift */; };
		B6844AF32389F28D0059AC39 /* ViewController.swift in Sources */ = {isa = PBXBuildFile; fileRef = B6844AF22389F28D0059AC39 /* ViewController.swift */; };
		B6844AF62389F28D0059AC39 /* Main.storyboard in Resources */ = {isa = PBXBuildFile; fileRef = B6844AF42389F28D0059AC39 /* Main.storyboard */; };
		B6844AF82389F2900059AC39 /* Assets.xcassets in Resources */ = {isa = PBXBuildFile; fileRef = B6844AF72389F2900059AC39 /* Assets.xcassets */; };
		B6844AFB2389F2900059AC39 /* LaunchScreen.storyboard in Resources */ = {isa = PBXBuildFile; fileRef = B6844AF92389F2900059AC39 /* LaunchScreen.storyboard */; };
		B6CCA502238B251D00A64529 /* SFProDisplay-Ultralight.ttf in Resources */ = {isa = PBXBuildFile; fileRef = B6CCA500238B251A00A64529 /* SFProDisplay-Ultralight.ttf */; };
		B6CCA503238B252000A64529 /* SFProDisplay-Semibold.ttf in Resources */ = {isa = PBXBuildFile; fileRef = B6CCA501238B251B00A64529 /* SFProDisplay-Semibold.ttf */; };
		B6CCA504238B252300A64529 /* SFProDisplay-RegularItalic.ttf in Resources */ = {isa = PBXBuildFile; fileRef = B6CCA4FC238B251A00A64529 /* SFProDisplay-RegularItalic.ttf */; };
		B6CCA505238B252500A64529 /* SFProDisplay-Regular.ttf in Resources */ = {isa = PBXBuildFile; fileRef = B6CCA4FD238B251A00A64529 /* SFProDisplay-Regular.ttf */; };
		B6CCA506238B252A00A64529 /* SFProDisplay-Medium.ttf in Resources */ = {isa = PBXBuildFile; fileRef = B6CCA4FF238B251A00A64529 /* SFProDisplay-Medium.ttf */; };
		B6CCA507238B252D00A64529 /* SFProDisplay-Bold.ttf in Resources */ = {isa = PBXBuildFile; fileRef = B6CCA4FE238B251A00A64529 /* SFProDisplay-Bold.ttf */; };
/* End PBXBuildFile section */

/* Begin PBXFileReference section */
		B65B955D238A032C00F53692 /* OnboardingViewController.swift */ = {isa = PBXFileReference; lastKnownFileType = sourcecode.swift; path = OnboardingViewController.swift; sourceTree = "<group>"; };
		B65B955F238A080C00F53692 /* DesignableButton.swift */ = {isa = PBXFileReference; lastKnownFileType = sourcecode.swift; path = DesignableButton.swift; sourceTree = "<group>"; };
		B6844AED2389F28D0059AC39 /* GetCash.app */ = {isa = PBXFileReference; explicitFileType = wrapper.application; includeInIndex = 0; path = GetCash.app; sourceTree = BUILT_PRODUCTS_DIR; };
		B6844AF02389F28D0059AC39 /* AppDelegate.swift */ = {isa = PBXFileReference; lastKnownFileType = sourcecode.swift; path = AppDelegate.swift; sourceTree = "<group>"; };
		B6844AF22389F28D0059AC39 /* ViewController.swift */ = {isa = PBXFileReference; lastKnownFileType = sourcecode.swift; path = ViewController.swift; sourceTree = "<group>"; };
		B6844AF52389F28D0059AC39 /* Base */ = {isa = PBXFileReference; lastKnownFileType = file.storyboard; name = Base; path = Base.lproj/Main.storyboard; sourceTree = "<group>"; };
		B6844AF72389F2900059AC39 /* Assets.xcassets */ = {isa = PBXFileReference; lastKnownFileType = folder.assetcatalog; path = Assets.xcassets; sourceTree = "<group>"; };
		B6844AFA2389F2900059AC39 /* Base */ = {isa = PBXFileReference; lastKnownFileType = file.storyboard; name = Base; path = Base.lproj/LaunchScreen.storyboard; sourceTree = "<group>"; };
		B6844AFC2389F2900059AC39 /* Info.plist */ = {isa = PBXFileReference; lastKnownFileType = text.plist.xml; path = Info.plist; sourceTree = "<group>"; };
		B6CCA4FC238B251A00A64529 /* SFProDisplay-RegularItalic.ttf */ = {isa = PBXFileReference; lastKnownFileType = file; name = "SFProDisplay-RegularItalic.ttf"; path = "../../../../../Downloads/SFProDisplay-RegularItalic.ttf"; sourceTree = "<group>"; };
		B6CCA4FD238B251A00A64529 /* SFProDisplay-Regular.ttf */ = {isa = PBXFileReference; lastKnownFileType = file; name = "SFProDisplay-Regular.ttf"; path = "../../../../../Downloads/SFProDisplay-Regular.ttf"; sourceTree = "<group>"; };
		B6CCA4FE238B251A00A64529 /* SFProDisplay-Bold.ttf */ = {isa = PBXFileReference; lastKnownFileType = file; name = "SFProDisplay-Bold.ttf"; path = "../../../../../Downloads/SFProDisplay-Bold.ttf"; sourceTree = "<group>"; };
		B6CCA4FF238B251A00A64529 /* SFProDisplay-Medium.ttf */ = {isa = PBXFileReference; lastKnownFileType = file; name = "SFProDisplay-Medium.ttf"; path = "../../../../../Downloads/SFProDisplay-Medium.ttf"; sourceTree = "<group>"; };
		B6CCA500238B251A00A64529 /* SFProDisplay-Ultralight.ttf */ = {isa = PBXFileReference; lastKnownFileType = file; name = "SFProDisplay-Ultralight.ttf"; path = "../../../../../Downloads/SFProDisplay-Ultralight.ttf"; sourceTree = "<group>"; };
		B6CCA501238B251B00A64529 /* SFProDisplay-Semibold.ttf */ = {isa = PBXFileReference; lastKnownFileType = file; name = "SFProDisplay-Semibold.ttf"; path = "../../../../../Downloads/SFProDisplay-Semibold.ttf"; sourceTree = "<group>"; };
/* End PBXFileReference section */

/* Begin PBXFrameworksBuildPhase section */
		B6844AEA2389F28D0059AC39 /* Frameworks */ = {
			isa = PBXFrameworksBuildPhase;
			buildActionMask = 2147483647;
			files = (
			);
			runOnlyForDeploymentPostprocessing = 0;
		};
/* End PBXFrameworksBuildPhase section */

/* Begin PBXGroup section */
		B65B955A238A01D900F53692 /* Controller */ = {
			isa = PBXGroup;
			children = (
				B65B955C238A01E700F53692 /* Authentication */,
				B6844AF02389F28D0059AC39 /* AppDelegate.swift */,
				B6844AF22389F28D0059AC39 /* ViewController.swift */,
			);
			path = Controller;
			sourceTree = "<group>";
		};
		B65B955B238A01E000F53692 /* Model */ = {
			isa = PBXGroup;
			children = (
			);
			path = Model;
			sourceTree = "<group>";
		};
		B65B955C238A01E700F53692 /* Authentication */ = {
			isa = PBXGroup;
			children = (
				B65B955D238A032C00F53692 /* OnboardingViewController.swift */,
			);
			path = Authentication;
			sourceTree = "<group>";
		};
		B6844AE42389F28D0059AC39 = {
			isa = PBXGroup;
			children = (
				B6844AEF2389F28D0059AC39 /* GetCash */,
				B6844AEE2389F28D0059AC39 /* Products */,
			);
			sourceTree = "<group>";
		};
		B6844AEE2389F28D0059AC39 /* Products */ = {
			isa = PBXGroup;
			children = (
				B6844AED2389F28D0059AC39 /* GetCash.app */,
			);
			name = Products;
			sourceTree = "<group>";
		};
		B6844AEF2389F28D0059AC39 /* GetCash */ = {
			isa = PBXGroup;
			children = (
				B6CCA4FB238B250800A64529 /* font */,
				B6844AF42389F28D0059AC39 /* Main.storyboard */,
				B6844AF72389F2900059AC39 /* Assets.xcassets */,
				B6844AF92389F2900059AC39 /* LaunchScreen.storyboard */,
				B65B955B238A01E000F53692 /* Model */,
				B65B955A238A01D900F53692 /* Controller */,
				B69A3064238A019F00C6EF45 /* View */,
				B6844AFC2389F2900059AC39 /* Info.plist */,
			);
			path = GetCash;
			sourceTree = "<group>";
		};
		B69A3064238A019F00C6EF45 /* View */ = {
			isa = PBXGroup;
			children = (
				B65B955F238A080C00F53692 /* DesignableButton.swift */,
			);
			path = View;
			sourceTree = "<group>";
		};
		B6CCA4FB238B250800A64529 /* font */ = {
			isa = PBXGroup;
			children = (
				B6CCA4FE238B251A00A64529 /* SFProDisplay-Bold.ttf */,
				B6CCA4FF238B251A00A64529 /* SFProDisplay-Medium.ttf */,
				B6CCA4FD238B251A00A64529 /* SFProDisplay-Regular.ttf */,
				B6CCA4FC238B251A00A64529 /* SFProDisplay-RegularItalic.ttf */,
				B6CCA501238B251B00A64529 /* SFProDisplay-Semibold.ttf */,
				B6CCA500238B251A00A64529 /* SFProDisplay-Ultralight.ttf */,
			);
			path = font;
			sourceTree = "<group>";
		};
/* End PBXGroup section */

/* Begin PBXNativeTarget section */
		B6844AEC2389F28D0059AC39 /* GetCash */ = {
			isa = PBXNativeTarget;
			buildConfigurationList = B6844AFF2389F2900059AC39 /* Build configuration list for PBXNativeTarget "GetCash" */;
			buildPhases = (
				B6844AE92389F28D0059AC39 /* Sources */,
				B6844AEA2389F28D0059AC39 /* Frameworks */,
				B6844AEB2389F28D0059AC39 /* Resources */,
			);
			buildRules = (
			);
			dependencies = (
			);
			name = GetCash;
			productName = GetCash;
			productReference = B6844AED2389F28D0059AC39 /* GetCash.app */;
			productType = "com.apple.product-type.application";
		};
/* End PBXNativeTarget section */

/* Begin PBXProject section */
		B6844AE52389F28D0059AC39 /* Project object */ = {
			isa = PBXProject;
			attributes = {
				LastSwiftUpdateCheck = 1020;
				LastUpgradeCheck = 1020;
				ORGANIZATIONNAME = "Ememobong Akpanekpo";
				TargetAttributes = {
					B6844AEC2389F28D0059AC39 = {
						CreatedOnToolsVersion = 10.2.1;
					};
				};
			};
			buildConfigurationList = B6844AE82389F28D0059AC39 /* Build configuration list for PBXProject "GetCash" */;
			compatibilityVersion = "Xcode 9.3";
			developmentRegion = en;
			hasScannedForEncodings = 0;
			knownRegions = (
				en,
				Base,
			);
			mainGroup = B6844AE42389F28D0059AC39;
			productRefGroup = B6844AEE2389F28D0059AC39 /* Products */;
			projectDirPath = "";
			projectRoot = "";
			targets = (
				B6844AEC2389F28D0059AC39 /* GetCash */,
			);
		};
/* End PBXProject section */

/* Begin PBXResourcesBuildPhase section */
		B6844AEB2389F28D0059AC39 /* Resources */ = {
			isa = PBXResourcesBuildPhase;
			buildActionMask = 2147483647;
			files = (
				B6CCA507238B252D00A64529 /* SFProDisplay-Bold.ttf in Resources */,
				B6CCA502238B251D00A64529 /* SFProDisplay-Ultralight.ttf in Resources */,
				B6CCA506238B252A00A64529 /* SFProDisplay-Medium.ttf in Resources */,
				B6CCA504238B252300A64529 /* SFProDisplay-RegularItalic.ttf in Resources */,
				B6844AFB2389F2900059AC39 /* LaunchScreen.storyboard in Resources */,
				B6CCA505238B252500A64529 /* SFProDisplay-Regular.ttf in Resources */,
				B6844AF82389F2900059AC39 /* Assets.xcassets in Resources */,
				B6CCA503238B252000A64529 /* SFProDisplay-Semibold.ttf in Resources */,
				B6844AF62389F28D0059AC39 /* Main.storyboard in Resources */,
			);
			runOnlyForDeploymentPostprocessing = 0;
		};
/* End PBXResourcesBuildPhase section */

/* Begin PBXSourcesBuildPhase section */
		B6844AE92389F28D0059AC39 /* Sources */ = {
			isa = PBXSourcesBuildPhase;
			buildActionMask = 2147483647;
			files = (
				B6844AF32389F28D0059AC39 /* ViewController.swift in Sources */,
				B65B955E238A032C00F53692 /* OnboardingViewController.swift in Sources */,
				B6844AF12389F28D0059AC39 /* AppDelegate.swift in Sources */,
				B65B9560238A080C00F53692 /* DesignableButton.swift in Sources */,
			);
			runOnlyForDeploymentPostprocessing = 0;
		};
/* End PBXSourcesBuildPhase section */

/* Begin PBXVariantGroup section */
		B6844AF42389F28D0059AC39 /* Main.storyboard */ = {
			isa = PBXVariantGroup;
			children = (
				B6844AF52389F28D0059AC39 /* Base */,
			);
			name = Main.storyboard;
			sourceTree = "<group>";
		};
		B6844AF92389F2900059AC39 /* LaunchScreen.storyboard */ = {
			isa = PBXVariantGroup;
			children = (
				B6844AFA2389F2900059AC39 /* Base */,
			);
			name = LaunchScreen.storyboard;
			sourceTree = "<group>";
		};
/* End PBXVariantGroup section */

/* Begin XCBuildConfiguration section */
		B6844AFD2389F2900059AC39 /* Debug */ = {
			isa = XCBuildConfiguration;
			buildSettings = {
				ALWAYS_SEARCH_USER_PATHS = NO;
				CLANG_ANALYZER_NONNULL = YES;
				CLANG_ANALYZER_NUMBER_OBJECT_CONVERSION = YES_AGGRESSIVE;
				CLANG_CXX_LANGUAGE_STANDARD = "gnu++14";
				CLANG_CXX_LIBRARY = "libc++";
				CLANG_ENABLE_MODULES = YES;
				CLANG_ENABLE_OBJC_ARC = YES;
				CLANG_ENABLE_OBJC_WEAK = YES;
				CLANG_WARN_BLOCK_CAPTURE_AUTORELEASING = YES;
				CLANG_WARN_BOOL_CONVERSION = YES;
				CLANG_WARN_COMMA = YES;
				CLANG_WARN_CONSTANT_CONVERSION = YES;
				CLANG_WARN_DEPRECATED_OBJC_IMPLEMENTATIONS = YES;
				CLANG_WARN_DIRECT_OBJC_ISA_USAGE = YES_ERROR;
				CLANG_WARN_DOCUMENTATION_COMMENTS = YES;
				CLANG_WARN_EMPTY_BODY = YES;
				CLANG_WARN_ENUM_CONVERSION = YES;
				CLANG_WARN_INFINITE_RECURSION = YES;
				CLANG_WARN_INT_CONVERSION = YES;
				CLANG_WARN_NON_LITERAL_NULL_CONVERSION = YES;
				CLANG_WARN_OBJC_IMPLICIT_RETAIN_SELF = YES;
				CLANG_WARN_OBJC_LITERAL_CONVERSION = YES;
				CLANG_WARN_OBJC_ROOT_CLASS = YES_ERROR;
				CLANG_WARN_RANGE_LOOP_ANALYSIS = YES;
				CLANG_WARN_STRICT_PROTOTYPES = YES;
				CLANG_WARN_SUSPICIOUS_MOVE = YES;
				CLANG_WARN_UNGUARDED_AVAILABILITY = YES_AGGRESSIVE;
				CLANG_WARN_UNREACHABLE_CODE = YES;
				CLANG_WARN__DUPLICATE_METHOD_MATCH = YES;
				CODE_SIGN_IDENTITY = "iPhone Developer";
				COPY_PHASE_STRIP = NO;
				DEBUG_INFORMATION_FORMAT = dwarf;
				ENABLE_STRICT_OBJC_MSGSEND = YES;
				ENABLE_TESTABILITY = YES;
				GCC_C_LANGUAGE_STANDARD = gnu11;
				GCC_DYNAMIC_NO_PIC = NO;
				GCC_NO_COMMON_BLOCKS = YES;
				GCC_OPTIMIZATION_LEVEL = 0;
				GCC_PREPROCESSOR_DEFINITIONS = (
					"DEBUG=1",
					"$(inherited)",
				);
				GCC_WARN_64_TO_32_BIT_CONVERSION = YES;
				GCC_WARN_ABOUT_RETURN_TYPE = YES_ERROR;
				GCC_WARN_UNDECLARED_SELECTOR = YES;
				GCC_WARN_UNINITIALIZED_AUTOS = YES_AGGRESSIVE;
				GCC_WARN_UNUSED_FUNCTION = YES;
				GCC_WARN_UNUSED_VARIABLE = YES;
				IPHONEOS_DEPLOYMENT_TARGET = 12.2;
				MTL_ENABLE_DEBUG_INFO = INCLUDE_SOURCE;
				MTL_FAST_MATH = YES;
				ONLY_ACTIVE_ARCH = YES;
				SDKROOT = iphoneos;
				SWIFT_ACTIVE_COMPILATION_CONDITIONS = DEBUG;
				SWIFT_OPTIMIZATION_LEVEL = "-Onone";
			};
			name = Debug;
		};
		B6844AFE2389F2900059AC39 /* Release */ = {
			isa = XCBuildConfiguration;
			buildSettings = {
				ALWAYS_SEARCH_USER_PATHS = NO;
				CLANG_ANALYZER_NONNULL = YES;
				CLANG_ANALYZER_NUMBER_OBJECT_CONVERSION = YES_AGGRESSIVE;
				CLANG_CXX_LANGUAGE_STANDARD = "gnu++14";
				CLANG_CXX_LIBRARY = "libc++";
				CLANG_ENABLE_MODULES = YES;
				CLANG_ENABLE_OBJC_ARC = YES;
				CLANG_ENABLE_OBJC_WEAK = YES;
				CLANG_WARN_BLOCK_CAPTURE_AUTORELEASING = YES;
				CLANG_WARN_BOOL_CONVERSION = YES;
				CLANG_WARN_COMMA = YES;
				CLANG_WARN_CONSTANT_CONVERSION = YES;
				CLANG_WARN_DEPRECATED_OBJC_IMPLEMENTATIONS = YES;
				CLANG_WARN_DIRECT_OBJC_ISA_USAGE = YES_ERROR;
				CLANG_WARN_DOCUMENTATION_COMMENTS = YES;
				CLANG_WARN_EMPTY_BODY = YES;
				CLANG_WARN_ENUM_CONVERSION = YES;
				CLANG_WARN_INFINITE_RECURSION = YES;
				CLANG_WARN_INT_CONVERSION = YES;
				CLANG_WARN_NON_LITERAL_NULL_CONVERSION = YES;
				CLANG_WARN_OBJC_IMPLICIT_RETAIN_SELF = YES;
				CLANG_WARN_OBJC_LITERAL_CONVERSION = YES;
				CLANG_WARN_OBJC_ROOT_CLASS = YES_ERROR;
				CLANG_WARN_RANGE_LOOP_ANALYSIS = YES;
				CLANG_WARN_STRICT_PROTOTYPES = YES;
				CLANG_WARN_SUSPICIOUS_MOVE = YES;
				CLANG_WARN_UNGUARDED_AVAILABILITY = YES_AGGRESSIVE;
				CLANG_WARN_UNREACHABLE_CODE = YES;
				CLANG_WARN__DUPLICATE_METHOD_MATCH = YES;
				CODE_SIGN_IDENTITY = "iPhone Developer";
				COPY_PHASE_STRIP = NO;
				DEBUG_INFORMATION_FORMAT = "dwarf-with-dsym";
				ENABLE_NS_ASSERTIONS = NO;
				ENABLE_STRICT_OBJC_MSGSEND = YES;
				GCC_C_LANGUAGE_STANDARD = gnu11;
				GCC_NO_COMMON_BLOCKS = YES;
				GCC_WARN_64_TO_32_BIT_CONVERSION = YES;
				GCC_WARN_ABOUT_RETURN_TYPE = YES_ERROR;
				GCC_WARN_UNDECLARED_SELECTOR = YES;
				GCC_WARN_UNINITIALIZED_AUTOS = YES_AGGRESSIVE;
				GCC_WARN_UNUSED_FUNCTION = YES;
				GCC_WARN_UNUSED_VARIABLE = YES;
				IPHONEOS_DEPLOYMENT_TARGET = 12.2;
				MTL_ENABLE_DEBUG_INFO = NO;
				MTL_FAST_MATH = YES;
				SDKROOT = iphoneos;
				SWIFT_COMPILATION_MODE = wholemodule;
				SWIFT_OPTIMIZATION_LEVEL = "-O";
				VALIDATE_PRODUCT = YES;
			};
			name = Release;
		};
		B6844B002389F2900059AC39 /* Debug */ = {
			isa = XCBuildConfiguration;
			buildSettings = {
				ASSETCATALOG_COMPILER_APPICON_NAME = AppIcon;
				CODE_SIGN_STYLE = Automatic;
				DEVELOPMENT_TEAM = 8K9R93L98H;
				INFOPLIST_FILE = GetCash/Info.plist;
				LD_RUNPATH_SEARCH_PATHS = (
					"$(inherited)",
					"@executable_path/Frameworks",
				);
				PRODUCT_BUNDLE_IDENTIFIER = io.threedee.GetCash;
				PRODUCT_NAME = "$(TARGET_NAME)";
				SWIFT_VERSION = 5.0;
				TARGETED_DEVICE_FAMILY = "1,2";
			};
			name = Debug;
		};
		B6844B012389F2900059AC39 /* Release */ = {
			isa = XCBuildConfiguration;
			buildSettings = {
				ASSETCATALOG_COMPILER_APPICON_NAME = AppIcon;
				CODE_SIGN_STYLE = Automatic;
				DEVELOPMENT_TEAM = 8K9R93L98H;
				INFOPLIST_FILE = GetCash/Info.plist;
				LD_RUNPATH_SEARCH_PATHS = (
					"$(inherited)",
					"@executable_path/Frameworks",
				);
				PRODUCT_BUNDLE_IDENTIFIER = io.threedee.GetCash;
				PRODUCT_NAME = "$(TARGET_NAME)";
				SWIFT_VERSION = 5.0;
				TARGETED_DEVICE_FAMILY = "1,2";
			};
			name = Release;
		};
/* End XCBuildConfiguration section */

/* Begin XCConfigurationList section */
		B6844AE82389F28D0059AC39 /* Build configuration list for PBXProject "GetCash" */ = {
			isa = XCConfigurationList;
			buildConfigurations = (
				B6844AFD2389F2900059AC39 /* Debug */,
				B6844AFE2389F2900059AC39 /* Release */,
			);
			defaultConfigurationIsVisible = 0;
			defaultConfigurationName = Release;
		};
		B6844AFF2389F2900059AC39 /* Build configuration list for PBXNativeTarget "GetCash" */ = {
			isa = XCConfigurationList;
			buildConfigurations = (
				B6844B002389F2900059AC39 /* Debug */,
				B6844B012389F2900059AC39 /* Release */,
			);
			defaultConfigurationIsVisible = 0;
			defaultConfigurationName = Release;
		};
/* End XCConfigurationList section */
	};
	rootObject = B6844AE52389F28D0059AC39 /* Project object */;
}
